codeberg.org/puregotk/purego v0.0.0-20260224095105-2513c838cb80 h1:y5ZxMLLOjl4xc2tBl02olxZQ06xbbKiR+2ipBfDrVcs=
codeberg.org/puregotk/purego v0.0.0-20260224095105-2513c838cb80/go.mod h1:hVVM4ddvYRlc3IcK3CXJPlMwd/vaLj7gdDBZ6oPgT8w=
codeberg.org/puregotk/puregotk v0.0.0-20260320050432-5bb8c3359c53 h1:2djv1s/tkZRjI8DNzA97mfpGR31VJ1da8QHaqecWCDI=
codeberg.org/puregotk/puregotk v0.0.0-20260320050432-5bb8c3359c53/go.mod h1:Q2E89WEkiGRObalH0QeYJe19f1H+6cn40xavs9+cxdU=
github.com/dennwc/flatpak-go-mod v0.1.1-0.20250809093520-ddf8d84264aa h1:c5k0CB16zFqMTKviySxusHVRFAnggzX3l6JK3Cw6fiQ=
github.com/dennwc/flatpak-go-mod v0.1.1-0.20250809093520-ddf8d84264aa/go.mod h1:4akg2uvMr36H/vDzQSPofcff2LBk4u+bTAPy2bxVoOo=
github.com/goccy/go-yaml v1.18.0 h1:8W7wMFS12Pcas7KU+VVkaiCng+kG8QiFeFwzFb+rwuw=
github.com/goccy/go-yaml v1.18.0/go.mod h1:XBurs7gK8ATbW4ZPGKgcbrY1Br56PdM69F7LkFRi1kA=
github.com/godbus/dbus/v5 v5.2.2 h1:TUR3TgtSVDmjiXOgAAyaZbYmIeP3DPkld3jgKGV8mXQ=
github.com/godbus/dbus/v5 v5.2.2/go.mod h1:3AAv2+hPq5rdnr5txxxRwiGjPXamgoIHgz9FPBfOp3c=
github.com/pojntfx/go-gettext v0.4.1 h1:CW8zRtaBrmphqrOZFzClZueZ25UXVOSQfp9k9EUXwfo=
github.com/pojntfx/go-gettext v0.4.1/go.mod h1:3Gu8/md0Y1PJjGH1n8ClX9qfO7hXWR0bOj2zGt1XFKY=
github.com/rymdport/portal v0.4.3-0.20260225172009-01112360d2cb h1:fELJ2snyLryeUCr5wwaw48zmf3IhB8OebEP75DOo0KI=
github.com/rymdport/portal v0.4.3-0.20260225172009-01112360d2cb/go.mod h1:kFF4jslnJ8pD5uCi17brj/ODlfIidOxlgUDTO5ncnC4=
golang.org/x/mod v0.27.0 h1:kb+q2PyFnEADO2IEF935ehFUXlWiNjJWtRNgBLSfbxQ=
golang.org/x/mod v0.27.0/go.mod h1:rWI627Fq0DEoudcK+MBkNkCe0EetEaDSwJJkCcjpazc=
golang.org/x/sys v0.43.0 h1:Rlag2XtaFTxp19wS8MXlJwTvoh8ArU6ezoyFsMyCTNI=
golang.org/x/sys v0.43.0/go.mod h1:4GL1E5IUh+htKOUEOaiffhrAeqysfVGipDYzABqnCmw=
