github.com/dennwc/flatpak-go-mod v0.1.1-0.20250809093520-ddf8d84264aa h1:c5k0CB16zFqMTKviySxusHVRFAnggzX3l6JK3Cw6fiQ=
github.com/dennwc/flatpak-go-mod v0.1.1-0.20250809093520-ddf8d84264aa/go.mod h1:4akg2uvMr36H/vDzQSPofcff2LBk4u+bTAPy2bxVoOo=
github.com/goccy/go-yaml v1.18.0 h1:8W7wMFS12Pcas7KU+VVkaiCng+kG8QiFeFwzFb+rwuw=
github.com/goccy/go-yaml v1.18.0/go.mod h1:XBurs7gK8ATbW4ZPGKgcbrY1Br56PdM69F7LkFRi1kA=
github.com/jwijenbergh/purego v0.0.0-20251017112123-b71757b9ba42 h1:kQ0LX4ffJvtONhymro3HzrB8XUa6dIGgrbnkl38Rgl0=
github.com/jwijenbergh/purego v0.0.0-20251017112123-b71757b9ba42/go.mod h1:amE5lVGstyh2GTEIHFEbgJHmoMD0llIuapnzIlZx7Fc=
github.com/pojntfx/go-gettext v0.1.1 h1:zL54iPqslZWIYfkvsOILgkYNA0gY0e83WkktB8Wjjm4=
github.com/pojntfx/go-gettext v0.1.1/go.mod h1:eGt2r0JKvlPZjiz+GqEDtg92//F30LEV/IB0h42bk40=
github.com/pojntfx/puregotk v0.0.0-20251025231904-c77cab625c00 h1:QcUtU02mMNMHLe/BvMZ069G6fNsEnBEFe+pL0uI4kAw=
github.com/pojntfx/puregotk v0.0.0-20251025231904-c77cab625c00/go.mod h1:mZu8qSvCSqtVL+xoiebZuicnJijwrLfGRs6/eTVgFlc=
golang.org/x/mod v0.27.0 h1:kb+q2PyFnEADO2IEF935ehFUXlWiNjJWtRNgBLSfbxQ=
golang.org/x/mod v0.27.0/go.mod h1:rWI627Fq0DEoudcK+MBkNkCe0EetEaDSwJJkCcjpazc=
