github.com/dennwc/flatpak-go-mod v0.1.1-0.20250809093520-ddf8d84264aa h1:c5k0CB16zFqMTKviySxusHVRFAnggzX3l6JK3Cw6fiQ=
github.com/dennwc/flatpak-go-mod v0.1.1-0.20250809093520-ddf8d84264aa/go.mod h1:4akg2uvMr36H/vDzQSPofcff2LBk4u+bTAPy2bxVoOo=
github.com/goccy/go-yaml v1.18.0 h1:8W7wMFS12Pcas7KU+VVkaiCng+kG8QiFeFwzFb+rwuw=
github.com/goccy/go-yaml v1.18.0/go.mod h1:XBurs7gK8ATbW4ZPGKgcbrY1Br56PdM69F7LkFRi1kA=
github.com/godbus/dbus/v5 v5.1.0 h1:4KLkAxT3aOY8Li4FRJe/KvhoNFFxo0m6fNuFUO8QJUk=
github.com/godbus/dbus/v5 v5.1.0/go.mod h1:xhWf0FNVPg57R7Z0UbKHbJfkEywrmjJnf7w5xrFpKfA=
github.com/pojntfx/go-gettext v0.3.0 h1:f+0O046uP84PNusW3ou3/1qSF4Q7NIjL84pqQy+VXqw=
github.com/pojntfx/go-gettext v0.3.0/go.mod h1:eGt2r0JKvlPZjiz+GqEDtg92//F30LEV/IB0h42bk40=
github.com/pojntfx/purego v0.0.0-20260128031338-5429b1e47a6d h1:f4fm8/eZJvaE/tfBomboi8CQByYmbXKxHcP6PBwAM04=
github.com/pojntfx/purego v0.0.0-20260128031338-5429b1e47a6d/go.mod h1:amE5lVGstyh2GTEIHFEbgJHmoMD0llIuapnzIlZx7Fc=
github.com/pojntfx/puregotk v0.0.0-20260220051800-f8a38f1e0894 h1:pPTVC5Q/5DJ46RzXKISgtUbZgHl/xampBJtBaPOd1ZQ=
github.com/pojntfx/puregotk v0.0.0-20260220051800-f8a38f1e0894/go.mod h1:mZu8qSvCSqtVL+xoiebZuicnJijwrLfGRs6/eTVgFlc=
github.com/rymdport/portal v0.4.3-0.20260218173435-15da1e91be7c h1:6ZwNFlRfahXonqOPLNee4oHdhXupk8w+OVLkaVd0u/Q=
github.com/rymdport/portal v0.4.3-0.20260218173435-15da1e91be7c/go.mod h1:kFF4jslnJ8pD5uCi17brj/ODlfIidOxlgUDTO5ncnC4=
golang.org/x/mod v0.27.0 h1:kb+q2PyFnEADO2IEF935ehFUXlWiNjJWtRNgBLSfbxQ=
golang.org/x/mod v0.27.0/go.mod h1:rWI627Fq0DEoudcK+MBkNkCe0EetEaDSwJJkCcjpazc=
